
Microsoft Visual Studio Solution File, Format Version 12.00
# Visual Studio 2015
Project("{FAE04EC0-301F-11D3-BF4B-00C04F79EFBC}") = "CylinderAR.CSharp", "CylinderAR.CSharp.csproj", "{D6F8353D-A18A-F0B6-ACBE-BFA40421F579}"
EndProject
Project("{FAE04EC0-301F-11D3-BF4B-00C04F79EFBC}") = "CylinderAR.CSharp.Editor", "CylinderAR.CSharp.Editor.csproj", "{A7E961EB-4519-3C34-1971-8FB16E0967BC}"
EndProject
Global
	GlobalSection(SolutionConfigurationPlatforms) = preSolution
		Debug|Any CPU = Debug|Any CPU
		Release|Any CPU = Release|Any CPU
	EndGlobalSection
	GlobalSection(ProjectConfigurationPlatforms) = postSolution
		{D6F8353D-A18A-F0B6-ACBE-BFA40421F579}.Debug|Any CPU.ActiveCfg = Debug|Any CPU
		{D6F8353D-A18A-F0B6-ACBE-BFA40421F579}.Debug|Any CPU.Build.0 = Debug|Any CPU
		{D6F8353D-A18A-F0B6-ACBE-BFA40421F579}.Release|Any CPU.ActiveCfg = Release|Any CPU
		{D6F8353D-A18A-F0B6-ACBE-BFA40421F579}.Release|Any CPU.Build.0 = Release|Any CPU
		{A7E961EB-4519-3C34-1971-8FB16E0967BC}.Debug|Any CPU.ActiveCfg = Debug|Any CPU
		{A7E961EB-4519-3C34-1971-8FB16E0967BC}.Debug|Any CPU.Build.0 = Debug|Any CPU
		{A7E961EB-4519-3C34-1971-8FB16E0967BC}.Release|Any CPU.ActiveCfg = Release|Any CPU
		{A7E961EB-4519-3C34-1971-8FB16E0967BC}.Release|Any CPU.Build.0 = Release|Any CPU
	EndGlobalSection
	GlobalSection(SolutionProperties) = preSolution
		HideSolutionNode = FALSE
	EndGlobalSection
EndGlobal
